PODS:
  - DGCharts (5.1.0):
    - DGCharts/Core (= 5.1.0)
  - DGCharts/Core (5.1.0)
  - SnapKit (5.7.1)

DEPENDENCIES:
  - DGCharts
  - SnapKit (~> 5.7.0)

SPEC REPOS:
  trunk:
    - DGCharts
    - SnapKit

SPEC CHECKSUMS:
  DGCharts: 1c6daf585b6cfc78807af44ea690d357c410627f
  SnapKit: d612e99e678a2d3b95bf60b0705ed0a35c03484a

PODFILE CHECKSUM: f46af9ffda142e934e66a8543a947c87d3a983ba

COCOAPODS: 1.16.2
